
Microsoft Visual Studio Solution File, Format Version 12.00
# Visual Studio Version 16
VisualStudioVersion = 16.0.29306.174
MinimumVisualStudioVersion = 10.0.40219.1
Project("{9A19103F-16F7-4668-BE54-9A1E7A4F7556}") = "my.sample.lib", "my.sample.lib\my.sample.lib.csproj", "{D5DDE421-C07D-4EBB-8D20-97A92F800E55}"
EndProject
Global
	GlobalSection(SolutionConfigurationPlatforms) = preSolution
		Debug|Any CPU = Debug|Any CPU
		Release|Any CPU = Release|Any CPU
	EndGlobalSection
	GlobalSection(ProjectConfigurationPlatforms) = postSolution
		{D5DDE421-C07D-4EBB-8D20-97A92F800E55}.Debug|Any CPU.ActiveCfg = Debug|Any CPU
		{D5DDE421-C07D-4EBB-8D20-97A92F800E55}.Debug|Any CPU.Build.0 = Debug|Any CPU
		{D5DDE421-C07D-4EBB-8D20-97A92F800E55}.Release|Any CPU.ActiveCfg = Release|Any CPU
		{D5DDE421-C07D-4EBB-8D20-97A92F800E55}.Release|Any CPU.Build.0 = Release|Any CPU
	EndGlobalSection
	GlobalSection(SolutionProperties) = preSolution
		HideSolutionNode = FALSE
	EndGlobalSection
	GlobalSection(ExtensibilityGlobals) = postSolution
		SolutionGuid = {8EF9B6DD-8244-42AB-9D06-2F120C1780E9}
	EndGlobalSection
EndGlobal
